
Microsoft Visual Studio Solution File, Format Version 12.00
# Visual Studio 2012
Project("{FAE04EC0-301F-11D3-BF4B-00C04F79EFBC}") = "WindowsFormsMobile", "WindowsFormsMobile\WindowsFormsMobile.csproj", "{BCF9B4B4-5E08-42A0-8D21-A6FD28FD9CF8}"
	ProjectSection(ProjectDependencies) = postProject
		{1E016EE4-FE2A-4BD2-915B-5E678CAAB9B0} = {1E016EE4-FE2A-4BD2-915B-5E678CAAB9B0}
	EndProjectSection
EndProject
Project("{FAE04EC0-301F-11D3-BF4B-00C04F79EFBC}") = "WcfServiceMobile", "WcfServiceMobile\WcfServiceMobile.csproj", "{1E016EE4-FE2A-4BD2-915B-5E678CAAB9B0}"
EndProject
Project("{FAE04EC0-301F-11D3-BF4B-00C04F79EFBC}") = "MVCMobile", "MVCMobile\MVCMobile.csproj", "{88A88DBE-6FDD-4B6D-B090-076C4500C0B1}"
	ProjectSection(ProjectDependencies) = postProject
		{1E016EE4-FE2A-4BD2-915B-5E678CAAB9B0} = {1E016EE4-FE2A-4BD2-915B-5E678CAAB9B0}
	EndProjectSection
EndProject
Global
	GlobalSection(SolutionConfigurationPlatforms) = preSolution
		Debug|Any CPU = Debug|Any CPU
		Release|Any CPU = Release|Any CPU
	EndGlobalSection
	GlobalSection(ProjectConfigurationPlatforms) = postSolution
		{BCF9B4B4-5E08-42A0-8D21-A6FD28FD9CF8}.Debug|Any CPU.ActiveCfg = Debug|Any CPU
		{BCF9B4B4-5E08-42A0-8D21-A6FD28FD9CF8}.Debug|Any CPU.Build.0 = Debug|Any CPU
		{BCF9B4B4-5E08-42A0-8D21-A6FD28FD9CF8}.Release|Any CPU.ActiveCfg = Release|Any CPU
		{BCF9B4B4-5E08-42A0-8D21-A6FD28FD9CF8}.Release|Any CPU.Build.0 = Release|Any CPU
		{1E016EE4-FE2A-4BD2-915B-5E678CAAB9B0}.Debug|Any CPU.ActiveCfg = Debug|Any CPU
		{1E016EE4-FE2A-4BD2-915B-5E678CAAB9B0}.Debug|Any CPU.Build.0 = Debug|Any CPU
		{1E016EE4-FE2A-4BD2-915B-5E678CAAB9B0}.Release|Any CPU.ActiveCfg = Release|Any CPU
		{1E016EE4-FE2A-4BD2-915B-5E678CAAB9B0}.Release|Any CPU.Build.0 = Release|Any CPU
		{88A88DBE-6FDD-4B6D-B090-076C4500C0B1}.Debug|Any CPU.ActiveCfg = Debug|Any CPU
		{88A88DBE-6FDD-4B6D-B090-076C4500C0B1}.Debug|Any CPU.Build.0 = Debug|Any CPU
		{88A88DBE-6FDD-4B6D-B090-076C4500C0B1}.Release|Any CPU.ActiveCfg = Release|Any CPU
		{88A88DBE-6FDD-4B6D-B090-076C4500C0B1}.Release|Any CPU.Build.0 = Release|Any CPU
	EndGlobalSection
	GlobalSection(SolutionProperties) = preSolution
		HideSolutionNode = FALSE
	EndGlobalSection
EndGlobal
